
Microsoft Visual Studio Solution File, Format Version 12.00
# Visual Studio 15
VisualStudioVersion = 15.0.28010.2046
MinimumVisualStudioVersion = 10.0.40219.1
Project("{FAE04EC0-301F-11D3-BF4B-00C04F79EFBC}") = "PROGETTO_3A_3B", "PROGETTO_3A_3B\PROGETTO_3A_3B.csproj", "{024AA9AA-59AF-46CB-A711-2FBD1824F9E6}"
EndProject
Global
	GlobalSection(SolutionConfigurationPlatforms) = preSolution
		Debug|Any CPU = Debug|Any CPU
		Release|Any CPU = Release|Any CPU
	EndGlobalSection
	GlobalSection(ProjectConfigurationPlatforms) = postSolution
		{024AA9AA-59AF-46CB-A711-2FBD1824F9E6}.Debug|Any CPU.ActiveCfg = Debug|Any CPU
		{024AA9AA-59AF-46CB-A711-2FBD1824F9E6}.Debug|Any CPU.Build.0 = Debug|Any CPU
		{024AA9AA-59AF-46CB-A711-2FBD1824F9E6}.Release|Any CPU.ActiveCfg = Release|Any CPU
		{024AA9AA-59AF-46CB-A711-2FBD1824F9E6}.Release|Any CPU.Build.0 = Release|Any CPU
	EndGlobalSection
	GlobalSection(SolutionProperties) = preSolution
		HideSolutionNode = FALSE
	EndGlobalSection
	GlobalSection(ExtensibilityGlobals) = postSolution
		SolutionGuid = {E5A41AB1-84E4-4A5C-826B-1BE7F2A4F900}
	EndGlobalSection
EndGlobal
